
Microsoft Visual Studio Solution File, Format Version 12.00
# Visual Studio Version 16
VisualStudioVersion = 16.0.31911.196
MinimumVisualStudioVersion = 10.0.40219.1
Project("{9A19103F-16F7-4668-BE54-9A1E7A4F7556}") = "Paging", "Paging\Paging.csproj", "{8A07A48A-A5BE-4D9C-AA8C-6287E16DA5D9}"
EndProject
Global
	GlobalSection(SolutionConfigurationPlatforms) = preSolution
		Debug|Any CPU = Debug|Any CPU
		Release|Any CPU = Release|Any CPU
	EndGlobalSection
	GlobalSection(ProjectConfigurationPlatforms) = postSolution
		{8A07A48A-A5BE-4D9C-AA8C-6287E16DA5D9}.Debug|Any CPU.ActiveCfg = Debug|Any CPU
		{8A07A48A-A5BE-4D9C-AA8C-6287E16DA5D9}.Debug|Any CPU.Build.0 = Debug|Any CPU
		{8A07A48A-A5BE-4D9C-AA8C-6287E16DA5D9}.Release|Any CPU.ActiveCfg = Release|Any CPU
		{8A07A48A-A5BE-4D9C-AA8C-6287E16DA5D9}.Release|Any CPU.Build.0 = Release|Any CPU
	EndGlobalSection
	GlobalSection(SolutionProperties) = preSolution
		HideSolutionNode = FALSE
	EndGlobalSection
	GlobalSection(ExtensibilityGlobals) = postSolution
		SolutionGuid = {FA1A2C03-7612-4E8E-B264-AEA131215F38}
	EndGlobalSection
EndGlobal
